
Microsoft Visual Studio Solution File, Format Version 12.00
# Visual Studio Version 16
VisualStudioVersion = 16.0.31624.102
MinimumVisualStudioVersion = 10.0.40219.1
Project("{FAE04EC0-301F-11D3-BF4B-00C04F79EFBC}") = "HoursReport-Service", "HoursReport-Service.csproj", "{C5312CAD-1F0D-4E95-81D1-3CBFC5CF2D98}"
EndProject
Global
	GlobalSection(SolutionConfigurationPlatforms) = preSolution
		Debug|Any CPU = Debug|Any CPU
		Release|Any CPU = Release|Any CPU
	EndGlobalSection
	GlobalSection(ProjectConfigurationPlatforms) = postSolution
		{C5312CAD-1F0D-4E95-81D1-3CBFC5CF2D98}.Debug|Any CPU.ActiveCfg = Debug|Any CPU
		{C5312CAD-1F0D-4E95-81D1-3CBFC5CF2D98}.Debug|Any CPU.Build.0 = Debug|Any CPU
		{C5312CAD-1F0D-4E95-81D1-3CBFC5CF2D98}.Release|Any CPU.ActiveCfg = Release|Any CPU
		{C5312CAD-1F0D-4E95-81D1-3CBFC5CF2D98}.Release|Any CPU.Build.0 = Release|Any CPU
	EndGlobalSection
	GlobalSection(SolutionProperties) = preSolution
		HideSolutionNode = FALSE
	EndGlobalSection
	GlobalSection(ExtensibilityGlobals) = postSolution
		SolutionGuid = {277B471A-79B3-4F76-AAA9-31D80AD338C5}
	EndGlobalSection
EndGlobal
